
Microsoft Visual Studio Solution File, Format Version 12.00
# Visual Studio 15
VisualStudioVersion = 15.0.28010.2041
MinimumVisualStudioVersion = 10.0.40219.1
Project("{FAE04EC0-301F-11D3-BF4B-00C04F79EFBC}") = "DropShadow", "DropShadow\DropShadow.csproj", "{E3D86F3D-51D3-4000-B45F-AD8C680EC57A}"
EndProject
Global
	GlobalSection(SolutionConfigurationPlatforms) = preSolution
		Debug|Any CPU = Debug|Any CPU
		Release|Any CPU = Release|Any CPU
	EndGlobalSection
	GlobalSection(ProjectConfigurationPlatforms) = postSolution
		{E3D86F3D-51D3-4000-B45F-AD8C680EC57A}.Debug|Any CPU.ActiveCfg = Debug|Any CPU
		{E3D86F3D-51D3-4000-B45F-AD8C680EC57A}.Debug|Any CPU.Build.0 = Debug|Any CPU
		{E3D86F3D-51D3-4000-B45F-AD8C680EC57A}.Release|Any CPU.ActiveCfg = Release|Any CPU
		{E3D86F3D-51D3-4000-B45F-AD8C680EC57A}.Release|Any CPU.Build.0 = Release|Any CPU
	EndGlobalSection
	GlobalSection(SolutionProperties) = preSolution
		HideSolutionNode = FALSE
	EndGlobalSection
	GlobalSection(ExtensibilityGlobals) = postSolution
		SolutionGuid = {FC516FA7-2C62-40F5-9536-2BC81231B7F1}
	EndGlobalSection
EndGlobal
