
Microsoft Visual Studio Solution File, Format Version 11.00
# Visual Studio 2010
Project("{FAE04EC0-301F-11D3-BF4B-00C04F79EFBC}") = "chapter2_1", "chapter2_1\chapter2_1.csproj", "{9064D8F6-727F-4511-B7C0-135E58DA2732}"
EndProject
Project("{FAE04EC0-301F-11D3-BF4B-00C04F79EFBC}") = "chapter3_1_1", "chapter3_1_1\chapter3_1_1.csproj", "{8AD41D27-0A58-4CCE-BAC0-6955C8CA2776}"
EndProject
Project("{FAE04EC0-301F-11D3-BF4B-00C04F79EFBC}") = "chapter3_1_2", "chapter3_1_2\chapter3_1_2.csproj", "{FBED79DE-B497-45D8-A4FB-03B6E4E56B0E}"
EndProject
Project("{FAE04EC0-301F-11D3-BF4B-00C04F79EFBC}") = "chapter3_2_1", "chapter3_2_1\chapter3_2_1.csproj", "{0860F761-3D1E-49C1-B8B1-6938202122A3}"
EndProject
Project("{FAE04EC0-301F-11D3-BF4B-00C04F79EFBC}") = "chapter3_2_2", "chapter3_2_2\chapter3_2_2.csproj", "{EB36B276-6BCC-4014-9892-5091184CBB30}"
EndProject
Project("{FAE04EC0-301F-11D3-BF4B-00C04F79EFBC}") = "chapter3_2_3", "chapter3_2_3\chapter3_2_3.csproj", "{5561C4ED-CEC0-4F76-8FD2-89FCDF3A7D44}"
EndProject
Project("{FAE04EC0-301F-11D3-BF4B-00C04F79EFBC}") = "chapter3_2_4", "chapter3_2_4\chapter3_2_4.csproj", "{3A2FCDFA-E00D-4E93-AB5A-63DD417C854B}"
EndProject
Project("{FAE04EC0-301F-11D3-BF4B-00C04F79EFBC}") = "chapter3_3", "chapter3_3\chapter3_3.csproj", "{368FFC63-B3B1-4146-983D-7EC2A94DA700}"
EndProject
Project("{FAE04EC0-301F-11D3-BF4B-00C04F79EFBC}") = "chapter4_2_2", "chapter4_2_2\chapter4_2_2.csproj", "{CC8B149B-FF5C-449E-B15C-35347DBF518F}"
EndProject
Project("{FAE04EC0-301F-11D3-BF4B-00C04F79EFBC}") = "chapter4_2_3_1", "chapter4_2_3_1\chapter4_2_3_1.csproj", "{8E8E1325-C31C-45CA-BD43-77AC7C925925}"
EndProject
Project("{FAE04EC0-301F-11D3-BF4B-00C04F79EFBC}") = "chapter4_2_3_2", "chapter4_2_3_2\chapter4_2_3_2.csproj", "{44E78E7C-43D5-45D0-B297-BB66994983FD}"
EndProject
Project("{FAE04EC0-301F-11D3-BF4B-00C04F79EFBC}") = "chapter4_2_4", "chapter4_2_4\chapter4_2_4.csproj", "{47884B8D-65FD-4158-A719-E3F5E729D305}"
EndProject
Project("{FAE04EC0-301F-11D3-BF4B-00C04F79EFBC}") = "chapter4_2_5", "chapter4_2_5\chapter4_2_5.csproj", "{9F639AC9-04AF-4CCA-8911-91F54B60DE7F}"
EndProject
Project("{FAE04EC0-301F-11D3-BF4B-00C04F79EFBC}") = "chapter5_3_1", "chapter5_3_1\chapter5_3_1.csproj", "{9EEC16B8-A1FD-4085-B154-269EA02A5729}"
EndProject
Project("{FAE04EC0-301F-11D3-BF4B-00C04F79EFBC}") = "chapter5_3_2", "chapter5_3_2\chapter5_3_2.csproj", "{477D73A8-9F31-420F-9688-DA8A567A4F97}"
EndProject
Project("{FAE04EC0-301F-11D3-BF4B-00C04F79EFBC}") = "chapter5_3_3", "chapter5_3_3\chapter5_3_3.csproj", "{D028F3DB-AD36-42C9-8BB7-ADEE4360DBA9}"
EndProject
Project("{FAE04EC0-301F-11D3-BF4B-00C04F79EFBC}") = "chapter5_4_1", "chapter5_4_1\chapter5_4_1.csproj", "{D6F8584B-609E-4691-9C2B-917D5E77449A}"
EndProject
Project("{FAE04EC0-301F-11D3-BF4B-00C04F79EFBC}") = "chapter5_4_2", "chapter5_4_2\chapter5_4_2.csproj", "{649596DF-B9D8-411C-9A84-32546F0D89E8}"
EndProject
Project("{FAE04EC0-301F-11D3-BF4B-00C04F79EFBC}") = "chapter5_4_3", "chapter5_4_3\chapter5_4_3.csproj", "{97FA6652-3834-4486-A2CB-95C86705DCA8}"
EndProject
Project("{FAE04EC0-301F-11D3-BF4B-00C04F79EFBC}") = "chapter5_4_4", "chapter5_4_4\chapter5_4_4.csproj", "{E86C7BCF-CF8D-4E0E-880E-47FCCBA77B57}"
EndProject
Project("{FAE04EC0-301F-11D3-BF4B-00C04F79EFBC}") = "chapter5_4_5", "chapter5_4_5\chapter5_4_5.csproj", "{506ACDAC-E265-4238-B934-0332D52ABDB1}"
EndProject
Project("{FAE04EC0-301F-11D3-BF4B-00C04F79EFBC}") = "chapter5_4_6", "chapter5_4_6\chapter5_4_6.csproj", "{9DAFDA32-3F91-49A2-BFA6-B142D7340682}"
EndProject
Project("{FAE04EC0-301F-11D3-BF4B-00C04F79EFBC}") = "chapter6_2", "chapter6_2\chapter6_2.csproj", "{ECAD0245-2453-4B5D-BD2B-607993DBE471}"
EndProject
Project("{FAE04EC0-301F-11D3-BF4B-00C04F79EFBC}") = "chapter6_3_1", "chapter6_3_1\chapter6_3_1.csproj", "{FBB2E0D9-167E-45A3-9232-926D6A913B7F}"
EndProject
Project("{FAE04EC0-301F-11D3-BF4B-00C04F79EFBC}") = "chapter6_3_4", "chapter6_3_4\chapter6_3_4.csproj", "{873883C1-03B7-497B-B8B4-9D421C1B1E21}"
EndProject
Global
	GlobalSection(SolutionConfigurationPlatforms) = preSolution
		Debug|x86 = Debug|x86
		Release|x86 = Release|x86
	EndGlobalSection
	GlobalSection(ProjectConfigurationPlatforms) = postSolution
		{9064D8F6-727F-4511-B7C0-135E58DA2732}.Debug|x86.ActiveCfg = Debug|x86
		{9064D8F6-727F-4511-B7C0-135E58DA2732}.Debug|x86.Build.0 = Debug|x86
		{9064D8F6-727F-4511-B7C0-135E58DA2732}.Release|x86.ActiveCfg = Release|x86
		{9064D8F6-727F-4511-B7C0-135E58DA2732}.Release|x86.Build.0 = Release|x86
		{8AD41D27-0A58-4CCE-BAC0-6955C8CA2776}.Debug|x86.ActiveCfg = Debug|x86
		{8AD41D27-0A58-4CCE-BAC0-6955C8CA2776}.Debug|x86.Build.0 = Debug|x86
		{8AD41D27-0A58-4CCE-BAC0-6955C8CA2776}.Release|x86.ActiveCfg = Release|x86
		{8AD41D27-0A58-4CCE-BAC0-6955C8CA2776}.Release|x86.Build.0 = Release|x86
		{FBED79DE-B497-45D8-A4FB-03B6E4E56B0E}.Debug|x86.ActiveCfg = Debug|x86
		{FBED79DE-B497-45D8-A4FB-03B6E4E56B0E}.Debug|x86.Build.0 = Debug|x86
		{FBED79DE-B497-45D8-A4FB-03B6E4E56B0E}.Release|x86.ActiveCfg = Release|x86
		{FBED79DE-B497-45D8-A4FB-03B6E4E56B0E}.Release|x86.Build.0 = Release|x86
		{0860F761-3D1E-49C1-B8B1-6938202122A3}.Debug|x86.ActiveCfg = Debug|x86
		{0860F761-3D1E-49C1-B8B1-6938202122A3}.Debug|x86.Build.0 = Debug|x86
		{0860F761-3D1E-49C1-B8B1-6938202122A3}.Release|x86.ActiveCfg = Release|x86
		{0860F761-3D1E-49C1-B8B1-6938202122A3}.Release|x86.Build.0 = Release|x86
		{EB36B276-6BCC-4014-9892-5091184CBB30}.Debug|x86.ActiveCfg = Debug|x86
		{EB36B276-6BCC-4014-9892-5091184CBB30}.Debug|x86.Build.0 = Debug|x86
		{EB36B276-6BCC-4014-9892-5091184CBB30}.Release|x86.ActiveCfg = Release|x86
		{EB36B276-6BCC-4014-9892-5091184CBB30}.Release|x86.Build.0 = Release|x86
		{5561C4ED-CEC0-4F76-8FD2-89FCDF3A7D44}.Debug|x86.ActiveCfg = Debug|x86
		{5561C4ED-CEC0-4F76-8FD2-89FCDF3A7D44}.Debug|x86.Build.0 = Debug|x86
		{5561C4ED-CEC0-4F76-8FD2-89FCDF3A7D44}.Release|x86.ActiveCfg = Release|x86
		{5561C4ED-CEC0-4F76-8FD2-89FCDF3A7D44}.Release|x86.Build.0 = Release|x86
		{3A2FCDFA-E00D-4E93-AB5A-63DD417C854B}.Debug|x86.ActiveCfg = Debug|x86
		{3A2FCDFA-E00D-4E93-AB5A-63DD417C854B}.Debug|x86.Build.0 = Debug|x86
		{3A2FCDFA-E00D-4E93-AB5A-63DD417C854B}.Release|x86.ActiveCfg = Release|x86
		{3A2FCDFA-E00D-4E93-AB5A-63DD417C854B}.Release|x86.Build.0 = Release|x86
		{368FFC63-B3B1-4146-983D-7EC2A94DA700}.Debug|x86.ActiveCfg = Debug|x86
		{368FFC63-B3B1-4146-983D-7EC2A94DA700}.Debug|x86.Build.0 = Debug|x86
		{368FFC63-B3B1-4146-983D-7EC2A94DA700}.Release|x86.ActiveCfg = Release|x86
		{368FFC63-B3B1-4146-983D-7EC2A94DA700}.Release|x86.Build.0 = Release|x86
		{CC8B149B-FF5C-449E-B15C-35347DBF518F}.Debug|x86.ActiveCfg = Debug|x86
		{CC8B149B-FF5C-449E-B15C-35347DBF518F}.Debug|x86.Build.0 = Debug|x86
		{CC8B149B-FF5C-449E-B15C-35347DBF518F}.Release|x86.ActiveCfg = Release|x86
		{CC8B149B-FF5C-449E-B15C-35347DBF518F}.Release|x86.Build.0 = Release|x86
		{8E8E1325-C31C-45CA-BD43-77AC7C925925}.Debug|x86.ActiveCfg = Debug|x86
		{8E8E1325-C31C-45CA-BD43-77AC7C925925}.Debug|x86.Build.0 = Debug|x86
		{8E8E1325-C31C-45CA-BD43-77AC7C925925}.Release|x86.ActiveCfg = Release|x86
		{8E8E1325-C31C-45CA-BD43-77AC7C925925}.Release|x86.Build.0 = Release|x86
		{44E78E7C-43D5-45D0-B297-BB66994983FD}.Debug|x86.ActiveCfg = Debug|x86
		{44E78E7C-43D5-45D0-B297-BB66994983FD}.Debug|x86.Build.0 = Debug|x86
		{44E78E7C-43D5-45D0-B297-BB66994983FD}.Release|x86.ActiveCfg = Release|x86
		{44E78E7C-43D5-45D0-B297-BB66994983FD}.Release|x86.Build.0 = Release|x86
		{47884B8D-65FD-4158-A719-E3F5E729D305}.Debug|x86.ActiveCfg = Debug|x86
		{47884B8D-65FD-4158-A719-E3F5E729D305}.Debug|x86.Build.0 = Debug|x86
		{47884B8D-65FD-4158-A719-E3F5E729D305}.Release|x86.ActiveCfg = Release|x86
		{47884B8D-65FD-4158-A719-E3F5E729D305}.Release|x86.Build.0 = Release|x86
		{9F639AC9-04AF-4CCA-8911-91F54B60DE7F}.Debug|x86.ActiveCfg = Debug|x86
		{9F639AC9-04AF-4CCA-8911-91F54B60DE7F}.Debug|x86.Build.0 = Debug|x86
		{9F639AC9-04AF-4CCA-8911-91F54B60DE7F}.Release|x86.ActiveCfg = Release|x86
		{9F639AC9-04AF-4CCA-8911-91F54B60DE7F}.Release|x86.Build.0 = Release|x86
		{9EEC16B8-A1FD-4085-B154-269EA02A5729}.Debug|x86.ActiveCfg = Debug|x86
		{9EEC16B8-A1FD-4085-B154-269EA02A5729}.Debug|x86.Build.0 = Debug|x86
		{9EEC16B8-A1FD-4085-B154-269EA02A5729}.Release|x86.ActiveCfg = Release|x86
		{9EEC16B8-A1FD-4085-B154-269EA02A5729}.Release|x86.Build.0 = Release|x86
		{477D73A8-9F31-420F-9688-DA8A567A4F97}.Debug|x86.ActiveCfg = Debug|x86
		{477D73A8-9F31-420F-9688-DA8A567A4F97}.Debug|x86.Build.0 = Debug|x86
		{477D73A8-9F31-420F-9688-DA8A567A4F97}.Release|x86.ActiveCfg = Release|x86
		{477D73A8-9F31-420F-9688-DA8A567A4F97}.Release|x86.Build.0 = Release|x86
		{D028F3DB-AD36-42C9-8BB7-ADEE4360DBA9}.Debug|x86.ActiveCfg = Debug|x86
		{D028F3DB-AD36-42C9-8BB7-ADEE4360DBA9}.Debug|x86.Build.0 = Debug|x86
		{D028F3DB-AD36-42C9-8BB7-ADEE4360DBA9}.Release|x86.ActiveCfg = Release|x86
		{D028F3DB-AD36-42C9-8BB7-ADEE4360DBA9}.Release|x86.Build.0 = Release|x86
		{D6F8584B-609E-4691-9C2B-917D5E77449A}.Debug|x86.ActiveCfg = Debug|x86
		{D6F8584B-609E-4691-9C2B-917D5E77449A}.Debug|x86.Build.0 = Debug|x86
		{D6F8584B-609E-4691-9C2B-917D5E77449A}.Release|x86.ActiveCfg = Release|x86
		{D6F8584B-609E-4691-9C2B-917D5E77449A}.Release|x86.Build.0 = Release|x86
		{649596DF-B9D8-411C-9A84-32546F0D89E8}.Debug|x86.ActiveCfg = Debug|x86
		{649596DF-B9D8-411C-9A84-32546F0D89E8}.Debug|x86.Build.0 = Debug|x86
		{649596DF-B9D8-411C-9A84-32546F0D89E8}.Release|x86.ActiveCfg = Release|x86
		{649596DF-B9D8-411C-9A84-32546F0D89E8}.Release|x86.Build.0 = Release|x86
		{97FA6652-3834-4486-A2CB-95C86705DCA8}.Debug|x86.ActiveCfg = Debug|x86
		{97FA6652-3834-4486-A2CB-95C86705DCA8}.Debug|x86.Build.0 = Debug|x86
		{97FA6652-3834-4486-A2CB-95C86705DCA8}.Release|x86.ActiveCfg = Release|x86
		{97FA6652-3834-4486-A2CB-95C86705DCA8}.Release|x86.Build.0 = Release|x86
		{E86C7BCF-CF8D-4E0E-880E-47FCCBA77B57}.Debug|x86.ActiveCfg = Debug|x86
		{E86C7BCF-CF8D-4E0E-880E-47FCCBA77B57}.Debug|x86.Build.0 = Debug|x86
		{E86C7BCF-CF8D-4E0E-880E-47FCCBA77B57}.Release|x86.ActiveCfg = Release|x86
		{E86C7BCF-CF8D-4E0E-880E-47FCCBA77B57}.Release|x86.Build.0 = Release|x86
		{506ACDAC-E265-4238-B934-0332D52ABDB1}.Debug|x86.ActiveCfg = Debug|x86
		{506ACDAC-E265-4238-B934-0332D52ABDB1}.Debug|x86.Build.0 = Debug|x86
		{506ACDAC-E265-4238-B934-0332D52ABDB1}.Release|x86.ActiveCfg = Release|x86
		{506ACDAC-E265-4238-B934-0332D52ABDB1}.Release|x86.Build.0 = Release|x86
		{9DAFDA32-3F91-49A2-BFA6-B142D7340682}.Debug|x86.ActiveCfg = Debug|x86
		{9DAFDA32-3F91-49A2-BFA6-B142D7340682}.Debug|x86.Build.0 = Debug|x86
		{9DAFDA32-3F91-49A2-BFA6-B142D7340682}.Release|x86.ActiveCfg = Release|x86
		{9DAFDA32-3F91-49A2-BFA6-B142D7340682}.Release|x86.Build.0 = Release|x86
		{ECAD0245-2453-4B5D-BD2B-607993DBE471}.Debug|x86.ActiveCfg = Debug|x86
		{ECAD0245-2453-4B5D-BD2B-607993DBE471}.Debug|x86.Build.0 = Debug|x86
		{ECAD0245-2453-4B5D-BD2B-607993DBE471}.Release|x86.ActiveCfg = Release|x86
		{ECAD0245-2453-4B5D-BD2B-607993DBE471}.Release|x86.Build.0 = Release|x86
		{FBB2E0D9-167E-45A3-9232-926D6A913B7F}.Debug|x86.ActiveCfg = Debug|x86
		{FBB2E0D9-167E-45A3-9232-926D6A913B7F}.Debug|x86.Build.0 = Debug|x86
		{FBB2E0D9-167E-45A3-9232-926D6A913B7F}.Release|x86.ActiveCfg = Release|x86
		{FBB2E0D9-167E-45A3-9232-926D6A913B7F}.Release|x86.Build.0 = Release|x86
		{873883C1-03B7-497B-B8B4-9D421C1B1E21}.Debug|x86.ActiveCfg = Debug|x86
		{873883C1-03B7-497B-B8B4-9D421C1B1E21}.Debug|x86.Build.0 = Debug|x86
		{873883C1-03B7-497B-B8B4-9D421C1B1E21}.Release|x86.ActiveCfg = Release|x86
		{873883C1-03B7-497B-B8B4-9D421C1B1E21}.Release|x86.Build.0 = Release|x86
	EndGlobalSection
	GlobalSection(SolutionProperties) = preSolution
		HideSolutionNode = FALSE
	EndGlobalSection
EndGlobal
